{
  "agent_id": "db727a14-13af-4322-a231-ea2eef18fcf3",
  "file_path": "/home/alejandro/Code/MCP/Agent-MCP/agent_mcp/features/rag/indexing.py",
  "locked_at": "2025-07-10T02:13:27.226Z",
  "operation": "edit",
  "session_id": "db727a14-13af-4322-a231-ea2eef18fcf3",
  "expires_at": "2025-07-10T02:23:27.226Z",
  "lock_id": "8619ab98-da45-49d1-b340-5c0469edf1ec"
}