{
  "agent_id": "e0cdb2fc-5277-480c-84f0-daf2dbe92cb2",
  "file_path": "/home/alejandro/Code/MCP/Agent-MCP/agent_mcp/utils/prompt_templates.py",
  "locked_at": "2025-07-07T09:13:53.382Z",
  "operation": "edit",
  "session_id": "e0cdb2fc-5277-480c-84f0-daf2dbe92cb2",
  "expires_at": "2025-07-07T09:23:53.382Z",
  "lock_id": "06a848e1-6147-45c3-9c8d-2a11684fa12d"
}