{
  "agent_id": "db727a14-13af-4322-a231-ea2eef18fcf3",
  "file_path": "/home/alejandro/Code/MCP/Agent-MCP/agent_mcp/features/rag/query.py",
  "locked_at": "2025-07-09T21:35:59.120Z",
  "operation": "edit",
  "session_id": "db727a14-13af-4322-a231-ea2eef18fcf3",
  "expires_at": "2025-07-09T21:45:59.120Z",
  "lock_id": "b015d14b-cceb-4ea6-8d7c-3dfc613f8e58"
}