{
  "agent_id": "db727a14-13af-4322-a231-ea2eef18fcf3",
  "file_path": "/home/alejandro/Code/MCP/Agent-MCP/agent_mcp/dashboard/components/server/server-management-modal.tsx",
  "locked_at": "2025-07-09T22:15:04.396Z",
  "operation": "write",
  "session_id": "db727a14-13af-4322-a231-ea2eef18fcf3",
  "expires_at": "2025-07-09T22:25:04.396Z",
  "lock_id": "70b09bef-ef86-49f9-bd37-55c18d57d80c"
}