{
  "agent_id": "db727a14-13af-4322-a231-ea2eef18fcf3",
  "file_path": "/home/alejandro/Code/MCP/Agent-MCP/agent_mcp/cli.py",
  "locked_at": "2025-07-10T01:56:25.190Z",
  "operation": "edit",
  "session_id": "db727a14-13af-4322-a231-ea2eef18fcf3",
  "expires_at": "2025-07-10T02:06:25.190Z",
  "lock_id": "443983b8-e6ad-47b8-978b-53845a0dfea7"
}