{
  "agent_id": "db727a14-13af-4322-a231-ea2eef18fcf3",
  "file_path": "/home/alejandro/Code/MCP/Agent-MCP/agent_mcp/core/config.py",
  "locked_at": "2025-07-10T01:57:33.333Z",
  "operation": "edit",
  "session_id": "db727a14-13af-4322-a231-ea2eef18fcf3",
  "expires_at": "2025-07-10T02:07:33.333Z",
  "lock_id": "c467079c-43e3-464c-94a0-baf5f0135d1b"
}