{
  "agent_id": "db727a14-13af-4322-a231-ea2eef18fcf3",
  "file_path": "/home/alejandro/Code/MCP/Agent-MCP/agent_mcp/dashboard/lib/stores/server-store.ts",
  "locked_at": "2025-07-09T22:01:03.576Z",
  "operation": "edit",
  "session_id": "db727a14-13af-4322-a231-ea2eef18fcf3",
  "expires_at": "2025-07-09T22:11:03.576Z",
  "lock_id": "02c9ea03-3592-405f-a4bf-7a68e78d0293"
}