{
  "agent_id": "db727a14-13af-4322-a231-ea2eef18fcf3",
  "file_path": "/home/alejandro/Code/MCP/Agent-MCP/agent_mcp/features/rag/indexing.py",
  "locked_at": "2025-07-10T01:57:50.025Z",
  "operation": "edit",
  "session_id": "db727a14-13af-4322-a231-ea2eef18fcf3",
  "expires_at": "2025-07-10T02:07:50.025Z",
  "lock_id": "6589b236-d91c-4251-9705-96ec861dd670"
}