{
  "agent_id": "db727a14-13af-4322-a231-ea2eef18fcf3",
  "file_path": "/home/alejandro/Code/MCP/Agent-MCP/agent_mcp/dashboard/components/layout/app-sidebar.tsx",
  "locked_at": "2025-07-09T22:15:10.162Z",
  "operation": "edit",
  "session_id": "db727a14-13af-4322-a231-ea2eef18fcf3",
  "expires_at": "2025-07-09T22:25:10.162Z",
  "lock_id": "21ceae73-3f37-4849-be8e-01ccdad1dc4d"
}